
Microsoft Visual Studio Solution File, Format Version 12.00
# Visual Studio Version 17
VisualStudioVersion = 17.11.35327.3
MinimumVisualStudioVersion = 10.0.40219.1
Project("{9A19103F-16F7-4668-BE54-9A1E7A4F7556}") = "Engine", "Engine\Engine.csproj", "{CB15D18F-9FC2-45C3-8ED9-A307EFBC8323}"
EndProject
Project("{2150E333-8FDC-42A3-9474-1A3956D46DE8}") = "Model", "Model", "{9A6EC7D4-BF78-4FF1-A7EE-45D1EBAF89D2}"
EndProject
Project("{2150E333-8FDC-42A3-9474-1A3956D46DE8}") = "WPF", "WPF", "{5771EC1B-7C72-464C-B623-BAAB89414C01}"
EndProject
Project("{9A19103F-16F7-4668-BE54-9A1E7A4F7556}") = "WPFStart", "WPFStart\WPFStart.csproj", "{9ACEC1BA-9C22-43CF-91D3-50C725837C41}"
EndProject
Project("{9A19103F-16F7-4668-BE54-9A1E7A4F7556}") = "BaseMenuModel", "BaseMenuModel\BaseMenuModel.csproj", "{FA458B99-F84A-46F6-9D4F-94B95FBD99EB}"
EndProject
Project("{9A19103F-16F7-4668-BE54-9A1E7A4F7556}") = "BaseController", "BaseController\BaseController.csproj", "{2F09DEC8-E67C-4028-9463-F5ED91605851}"
EndProject
Project("{9A19103F-16F7-4668-BE54-9A1E7A4F7556}") = "BaseMenuView", "BaseMenuView\BaseMenuView.csproj", "{6D8C0B2A-B204-4A73-BA41-9FE39A938B77}"
EndProject
Project("{FAE04EC0-301F-11D3-BF4B-00C04F79EFBC}") = "WPFView", "WPFView\WPFView.csproj", "{D06D32A7-C807-40E6-9007-2CBAA5A5F1F5}"
	ProjectSection(ProjectDependencies) = postProject
		{2F09DEC8-E67C-4028-9463-F5ED91605851} = {2F09DEC8-E67C-4028-9463-F5ED91605851}
		{6D8C0B2A-B204-4A73-BA41-9FE39A938B77} = {6D8C0B2A-B204-4A73-BA41-9FE39A938B77}
		{FA458B99-F84A-46F6-9D4F-94B95FBD99EB} = {FA458B99-F84A-46F6-9D4F-94B95FBD99EB}
	EndProjectSection
EndProject
Project("{FAE04EC0-301F-11D3-BF4B-00C04F79EFBC}") = "WPFController", "WPFController\WPFController.csproj", "{6C85B020-D5CF-49DC-9AC7-8BE83684D28F}"
EndProject
Project("{2150E333-8FDC-42A3-9474-1A3956D46DE8}") = "Console", "Console", "{A2B5DF41-3EE3-45C4-8EA5-D9B8AC5EE6C4}"
EndProject
Project("{FAE04EC0-301F-11D3-BF4B-00C04F79EFBC}") = "ConsoleController", "ConsoleController\ConsoleController.csproj", "{B1859A41-8481-4317-ACB8-C0CF845B79BE}"
EndProject
Project("{FAE04EC0-301F-11D3-BF4B-00C04F79EFBC}") = "ConsoleView", "ConsoleView\ConsoleView.csproj", "{80D30BA5-541D-4F61-86CD-00A794EB6275}"
EndProject
Project("{FAE04EC0-301F-11D3-BF4B-00C04F79EFBC}") = "ConsoleStart", "ConsoleStart\ConsoleStart.csproj", "{F17AD501-1050-438F-949F-E87689A99B37}"
EndProject
Project("{FAE04EC0-301F-11D3-BF4B-00C04F79EFBC}") = "TestTank", "TestTank\TestTank.csproj", "{8BB87A06-1EE7-40B7-8872-5CDD8FC9A0F2}"
EndProject
Global
	GlobalSection(SolutionConfigurationPlatforms) = preSolution
		Debug|Any CPU = Debug|Any CPU
		Release|Any CPU = Release|Any CPU
	EndGlobalSection
	GlobalSection(ProjectConfigurationPlatforms) = postSolution
		{CB15D18F-9FC2-45C3-8ED9-A307EFBC8323}.Debug|Any CPU.ActiveCfg = Debug|Any CPU
		{CB15D18F-9FC2-45C3-8ED9-A307EFBC8323}.Debug|Any CPU.Build.0 = Debug|Any CPU
		{CB15D18F-9FC2-45C3-8ED9-A307EFBC8323}.Release|Any CPU.ActiveCfg = Release|Any CPU
		{CB15D18F-9FC2-45C3-8ED9-A307EFBC8323}.Release|Any CPU.Build.0 = Release|Any CPU
		{9ACEC1BA-9C22-43CF-91D3-50C725837C41}.Debug|Any CPU.ActiveCfg = Debug|Any CPU
		{9ACEC1BA-9C22-43CF-91D3-50C725837C41}.Debug|Any CPU.Build.0 = Debug|Any CPU
		{9ACEC1BA-9C22-43CF-91D3-50C725837C41}.Release|Any CPU.ActiveCfg = Release|Any CPU
		{9ACEC1BA-9C22-43CF-91D3-50C725837C41}.Release|Any CPU.Build.0 = Release|Any CPU
		{FA458B99-F84A-46F6-9D4F-94B95FBD99EB}.Debug|Any CPU.ActiveCfg = Debug|Any CPU
		{FA458B99-F84A-46F6-9D4F-94B95FBD99EB}.Debug|Any CPU.Build.0 = Debug|Any CPU
		{FA458B99-F84A-46F6-9D4F-94B95FBD99EB}.Release|Any CPU.ActiveCfg = Release|Any CPU
		{FA458B99-F84A-46F6-9D4F-94B95FBD99EB}.Release|Any CPU.Build.0 = Release|Any CPU
		{2F09DEC8-E67C-4028-9463-F5ED91605851}.Debug|Any CPU.ActiveCfg = Debug|Any CPU
		{2F09DEC8-E67C-4028-9463-F5ED91605851}.Debug|Any CPU.Build.0 = Debug|Any CPU
		{2F09DEC8-E67C-4028-9463-F5ED91605851}.Release|Any CPU.ActiveCfg = Release|Any CPU
		{2F09DEC8-E67C-4028-9463-F5ED91605851}.Release|Any CPU.Build.0 = Release|Any CPU
		{6D8C0B2A-B204-4A73-BA41-9FE39A938B77}.Debug|Any CPU.ActiveCfg = Debug|Any CPU
		{6D8C0B2A-B204-4A73-BA41-9FE39A938B77}.Debug|Any CPU.Build.0 = Debug|Any CPU
		{6D8C0B2A-B204-4A73-BA41-9FE39A938B77}.Release|Any CPU.ActiveCfg = Release|Any CPU
		{6D8C0B2A-B204-4A73-BA41-9FE39A938B77}.Release|Any CPU.Build.0 = Release|Any CPU
		{D06D32A7-C807-40E6-9007-2CBAA5A5F1F5}.Debug|Any CPU.ActiveCfg = Debug|Any CPU
		{D06D32A7-C807-40E6-9007-2CBAA5A5F1F5}.Debug|Any CPU.Build.0 = Debug|Any CPU
		{D06D32A7-C807-40E6-9007-2CBAA5A5F1F5}.Release|Any CPU.ActiveCfg = Release|Any CPU
		{D06D32A7-C807-40E6-9007-2CBAA5A5F1F5}.Release|Any CPU.Build.0 = Release|Any CPU
		{6C85B020-D5CF-49DC-9AC7-8BE83684D28F}.Debug|Any CPU.ActiveCfg = Debug|Any CPU
		{6C85B020-D5CF-49DC-9AC7-8BE83684D28F}.Debug|Any CPU.Build.0 = Debug|Any CPU
		{6C85B020-D5CF-49DC-9AC7-8BE83684D28F}.Release|Any CPU.ActiveCfg = Release|Any CPU
		{6C85B020-D5CF-49DC-9AC7-8BE83684D28F}.Release|Any CPU.Build.0 = Release|Any CPU
		{B1859A41-8481-4317-ACB8-C0CF845B79BE}.Debug|Any CPU.ActiveCfg = Debug|Any CPU
		{B1859A41-8481-4317-ACB8-C0CF845B79BE}.Debug|Any CPU.Build.0 = Debug|Any CPU
		{B1859A41-8481-4317-ACB8-C0CF845B79BE}.Release|Any CPU.ActiveCfg = Release|Any CPU
		{B1859A41-8481-4317-ACB8-C0CF845B79BE}.Release|Any CPU.Build.0 = Release|Any CPU
		{80D30BA5-541D-4F61-86CD-00A794EB6275}.Debug|Any CPU.ActiveCfg = Debug|Any CPU
		{80D30BA5-541D-4F61-86CD-00A794EB6275}.Debug|Any CPU.Build.0 = Debug|Any CPU
		{80D30BA5-541D-4F61-86CD-00A794EB6275}.Release|Any CPU.ActiveCfg = Release|Any CPU
		{80D30BA5-541D-4F61-86CD-00A794EB6275}.Release|Any CPU.Build.0 = Release|Any CPU
		{F17AD501-1050-438F-949F-E87689A99B37}.Debug|Any CPU.ActiveCfg = Debug|Any CPU
		{F17AD501-1050-438F-949F-E87689A99B37}.Debug|Any CPU.Build.0 = Debug|Any CPU
		{F17AD501-1050-438F-949F-E87689A99B37}.Release|Any CPU.ActiveCfg = Release|Any CPU
		{F17AD501-1050-438F-949F-E87689A99B37}.Release|Any CPU.Build.0 = Release|Any CPU
		{8BB87A06-1EE7-40B7-8872-5CDD8FC9A0F2}.Debug|Any CPU.ActiveCfg = Debug|Any CPU
		{8BB87A06-1EE7-40B7-8872-5CDD8FC9A0F2}.Debug|Any CPU.Build.0 = Debug|Any CPU
		{8BB87A06-1EE7-40B7-8872-5CDD8FC9A0F2}.Release|Any CPU.ActiveCfg = Release|Any CPU
		{8BB87A06-1EE7-40B7-8872-5CDD8FC9A0F2}.Release|Any CPU.Build.0 = Release|Any CPU
	EndGlobalSection
	GlobalSection(SolutionProperties) = preSolution
		HideSolutionNode = FALSE
	EndGlobalSection
	GlobalSection(NestedProjects) = preSolution
		{CB15D18F-9FC2-45C3-8ED9-A307EFBC8323} = {9A6EC7D4-BF78-4FF1-A7EE-45D1EBAF89D2}
		{9ACEC1BA-9C22-43CF-91D3-50C725837C41} = {5771EC1B-7C72-464C-B623-BAAB89414C01}
		{FA458B99-F84A-46F6-9D4F-94B95FBD99EB} = {9A6EC7D4-BF78-4FF1-A7EE-45D1EBAF89D2}
		{2F09DEC8-E67C-4028-9463-F5ED91605851} = {9A6EC7D4-BF78-4FF1-A7EE-45D1EBAF89D2}
		{6D8C0B2A-B204-4A73-BA41-9FE39A938B77} = {9A6EC7D4-BF78-4FF1-A7EE-45D1EBAF89D2}
		{D06D32A7-C807-40E6-9007-2CBAA5A5F1F5} = {5771EC1B-7C72-464C-B623-BAAB89414C01}
		{6C85B020-D5CF-49DC-9AC7-8BE83684D28F} = {5771EC1B-7C72-464C-B623-BAAB89414C01}
		{B1859A41-8481-4317-ACB8-C0CF845B79BE} = {A2B5DF41-3EE3-45C4-8EA5-D9B8AC5EE6C4}
		{80D30BA5-541D-4F61-86CD-00A794EB6275} = {A2B5DF41-3EE3-45C4-8EA5-D9B8AC5EE6C4}
		{F17AD501-1050-438F-949F-E87689A99B37} = {A2B5DF41-3EE3-45C4-8EA5-D9B8AC5EE6C4}
		{8BB87A06-1EE7-40B7-8872-5CDD8FC9A0F2} = {9A6EC7D4-BF78-4FF1-A7EE-45D1EBAF89D2}
	EndGlobalSection
	GlobalSection(ExtensibilityGlobals) = postSolution
		SolutionGuid = {0A1D0DA8-A5FD-48E0-8A17-005D87D992E7}
	EndGlobalSection
EndGlobal
